// !$*UTF8*$!
{
	archiveVersion = 1;
	classes = {
	};
	objectVersion = 50;
	objects = {

/* Begin PBXBuildFile section */
		8E0C686C26EDAB41003EE614 /* Configuration.swift in Sources */ = {isa = PBXBuildFile; fileRef = 8E0C686B26EDAB41003EE614 /* Configuration.swift */; };
		8E0C686E26EDAB68003EE614 /* Anchors.swift in Sources */ = {isa = PBXBuildFile; fileRef = 8E0C686D26EDAB68003EE614 /* Anchors.swift */; };
		8E0C687026EDABB6003EE614 /* Coordinate.swift in Sources */ = {isa = PBXBuildFile; fileRef = 8E0C686F26EDABB6003EE614 /* Coordinate.swift */; };
		8E0C687226EE9010003EE614 /* AnchorView.swift in Sources */ = {isa = PBXBuildFile; fileRef = 8E0C687126EE9010003EE614 /* AnchorView.swift */; };
		8E0C687426F19AAF003EE614 /* Perimeter.swift in Sources */ = {isa = PBXBuildFile; fileRef = 8E0C687326F19AAF003EE614 /* Perimeter.swift */; };
		8E8C065B26E5797400F47062 /* TetheredTentTriangulatorApp.swift in Sources */ = {isa = PBXBuildFile; fileRef = 8E8C065A26E5797400F47062 /* TetheredTentTriangulatorApp.swift */; };
		8E8C065D26E5797400F47062 /* ContentView.swift in Sources */ = {isa = PBXBuildFile; fileRef = 8E8C065C26E5797400F47062 /* ContentView.swift */; };
		8E8C065F26E5797600F47062 /* Assets.xcassets in Resources */ = {isa = PBXBuildFile; fileRef = 8E8C065E26E5797600F47062 /* Assets.xcassets */; };
		8E8C066226E5797600F47062 /* Preview Assets.xcassets in Resources */ = {isa = PBXBuildFile; fileRef = 8E8C066126E5797600F47062 /* Preview Assets.xcassets */; };
		8E8C066D26E5797600F47062 /* TetheredTentTriangulatorTests.swift in Sources */ = {isa = PBXBuildFile; fileRef = 8E8C066C26E5797600F47062 /* TetheredTentTriangulatorTests.swift */; };
		8E8C067826E5797600F47062 /* TetheredTentTriangulatorUITests.swift in Sources */ = {isa = PBXBuildFile; fileRef = 8E8C067726E5797600F47062 /* TetheredTentTriangulatorUITests.swift */; };
		8E8C068626E57EF100F47062 /* HSlider.swift in Sources */ = {isa = PBXBuildFile; fileRef = 8E8C068526E57EF100F47062 /* HSlider.swift */; };
		8E8C068826E5814A00F47062 /* PlatformPicker.swift in Sources */ = {isa = PBXBuildFile; fileRef = 8E8C068726E5814A00F47062 /* PlatformPicker.swift */; };
		8E8C068A26E65EC200F47062 /* Clearing.swift in Sources */ = {isa = PBXBuildFile; fileRef = 8E8C068926E65EC200F47062 /* Clearing.swift */; };
/* End PBXBuildFile section */

/* Begin PBXContainerItemProxy section */
		8E8C066926E5797600F47062 /* PBXContainerItemProxy */ = {
			isa = PBXContainerItemProxy;
			containerPortal = 8E8C064F26E5797400F47062 /* Project object */;
			proxyType = 1;
			remoteGlobalIDString = 8E8C065626E5797400F47062;
			remoteInfo = TetheredTentTriangulator;
		};
		8E8C067426E5797600F47062 /* PBXContainerItemProxy */ = {
			isa = PBXContainerItemProxy;
			containerPortal = 8E8C064F26E5797400F47062 /* Project object */;
			proxyType = 1;
			remoteGlobalIDString = 8E8C065626E5797400F47062;
			remoteInfo = TetheredTentTriangulator;
		};
/* End PBXContainerItemProxy section */

/* Begin PBXFileReference section */
		8E0C686B26EDAB41003EE614 /* Configuration.swift */ = {isa = PBXFileReference; lastKnownFileType = sourcecode.swift; path = Configuration.swift; sourceTree = "<group>"; };
		8E0C686D26EDAB68003EE614 /* Anchors.swift */ = {isa = PBXFileReference; lastKnownFileType = sourcecode.swift; path = Anchors.swift; sourceTree = "<group>"; };
		8E0C686F26EDABB6003EE614 /* Coordinate.swift */ = {isa = PBXFileReference; lastKnownFileType = sourcecode.swift; path = Coordinate.swift; sourceTree = "<group>"; };
		8E0C687126EE9010003EE614 /* AnchorView.swift */ = {isa = PBXFileReference; lastKnownFileType = sourcecode.swift; path = AnchorView.swift; sourceTree = "<group>"; };
		8E0C687326F19AAF003EE614 /* Perimeter.swift */ = {isa = PBXFileReference; lastKnownFileType = sourcecode.swift; path = Perimeter.swift; sourceTree = "<group>"; };
		8E8C065726E5797400F47062 /* TetheredTentTriangulator.app */ = {isa = PBXFileReference; explicitFileType = wrapper.application; includeInIndex = 0; path = TetheredTentTriangulator.app; sourceTree = BUILT_PRODUCTS_DIR; };
		8E8C065A26E5797400F47062 /* TetheredTentTriangulatorApp.swift */ = {isa = PBXFileReference; lastKnownFileType = sourcecode.swift; path = TetheredTentTriangulatorApp.swift; sourceTree = "<group>"; };
		8E8C065C26E5797400F47062 /* ContentView.swift */ = {isa = PBXFileReference; lastKnownFileType = sourcecode.swift; path = ContentView.swift; sourceTree = "<group>"; };
		8E8C065E26E5797600F47062 /* Assets.xcassets */ = {isa = PBXFileReference; lastKnownFileType = folder.assetcatalog; path = Assets.xcassets; sourceTree = "<group>"; };
		8E8C066126E5797600F47062 /* Preview Assets.xcassets */ = {isa = PBXFileReference; lastKnownFileType = folder.assetcatalog; path = "Preview Assets.xcassets"; sourceTree = "<group>"; };
		8E8C066326E5797600F47062 /* Info.plist */ = {isa = PBXFileReference; lastKnownFileType = text.plist.xml; path = Info.plist; sourceTree = "<group>"; };
		8E8C066826E5797600F47062 /* TetheredTentTriangulatorTests.xctest */ = {isa = PBXFileReference; explicitFileType = wrapper.cfbundle; includeInIndex = 0; path = TetheredTentTriangulatorTests.xctest; sourceTree = BUILT_PRODUCTS_DIR; };
		8E8C066C26E5797600F47062 /* TetheredTentTriangulatorTests.swift */ = {isa = PBXFileReference; lastKnownFileType = sourcecode.swift; path = TetheredTentTriangulatorTests.swift; sourceTree = "<group>"; };
		8E8C066E26E5797600F47062 /* Info.plist */ = {isa = PBXFileReference; lastKnownFileType = text.plist.xml; path = Info.plist; sourceTree = "<group>"; };
		8E8C067326E5797600F47062 /* TetheredTentTriangulatorUITests.xctest */ = {isa = PBXFileReference; explicitFileType = wrapper.cfbundle; includeInIndex = 0; path = TetheredTentTriangulatorUITests.xctest; sourceTree = BUILT_PRODUCTS_DIR; };
		8E8C067726E5797600F47062 /* TetheredTentTriangulatorUITests.swift */ = {isa = PBXFileReference; lastKnownFileType = sourcecode.swift; path = TetheredTentTriangulatorUITests.swift; sourceTree = "<group>"; };
		8E8C067926E5797600F47062 /* Info.plist */ = {isa = PBXFileReference; lastKnownFileType = text.plist.xml; path = Info.plist; sourceTree = "<group>"; };
		8E8C068526E57EF100F47062 /* HSlider.swift */ = {isa = PBXFileReference; lastKnownFileType = sourcecode.swift; path = HSlider.swift; sourceTree = "<group>"; };
		8E8C068726E5814A00F47062 /* PlatformPicker.swift */ = {isa = PBXFileReference; lastKnownFileType = sourcecode.swift; path = PlatformPicker.swift; sourceTree = "<group>"; };
		8E8C068926E65EC200F47062 /* Clearing.swift */ = {isa = PBXFileReference; lastKnownFileType = sourcecode.swift; path = Clearing.swift; sourceTree = "<group>"; };
/* End PBXFileReference section */

/* Begin PBXFrameworksBuildPhase section */
		8E8C065426E5797400F47062 /* Frameworks */ = {
			isa = PBXFrameworksBuildPhase;
			buildActionMask = 2147483647;
			files = (
			);
			runOnlyForDeploymentPostprocessing = 0;
		};
		8E8C066526E5797600F47062 /* Frameworks */ = {
			isa = PBXFrameworksBuildPhase;
			buildActionMask = 2147483647;
			files = (
			);
			runOnlyForDeploymentPostprocessing = 0;
		};
		8E8C067026E5797600F47062 /* Frameworks */ = {
			isa = PBXFrameworksBuildPhase;
			buildActionMask = 2147483647;
			files = (
			);
			runOnlyForDeploymentPostprocessing = 0;
		};
/* End PBXFrameworksBuildPhase section */

/* Begin PBXGroup section */
		8E8C064E26E5797400F47062 = {
			isa = PBXGroup;
			children = (
				8E8C065926E5797400F47062 /* TetheredTentTriangulator */,
				8E8C066B26E5797600F47062 /* TetheredTentTriangulatorTests */,
				8E8C067626E5797600F47062 /* TetheredTentTriangulatorUITests */,
				8E8C065826E5797400F47062 /* Products */,
			);
			sourceTree = "<group>";
		};
		8E8C065826E5797400F47062 /* Products */ = {
			isa = PBXGroup;
			children = (
				8E8C065726E5797400F47062 /* TetheredTentTriangulator.app */,
				8E8C066826E5797600F47062 /* TetheredTentTriangulatorTests.xctest */,
				8E8C067326E5797600F47062 /* TetheredTentTriangulatorUITests.xctest */,
			);
			name = Products;
			sourceTree = "<group>";
		};
		8E8C065926E5797400F47062 /* TetheredTentTriangulator */ = {
			isa = PBXGroup;
			children = (
				8E8C065A26E5797400F47062 /* TetheredTentTriangulatorApp.swift */,
				8E8C065C26E5797400F47062 /* ContentView.swift */,
				8E8C068926E65EC200F47062 /* Clearing.swift */,
				8E0C687326F19AAF003EE614 /* Perimeter.swift */,
				8E0C687126EE9010003EE614 /* AnchorView.swift */,
				8E0C686D26EDAB68003EE614 /* Anchors.swift */,
				8E0C686F26EDABB6003EE614 /* Coordinate.swift */,
				8E0C686B26EDAB41003EE614 /* Configuration.swift */,
				8E8C068526E57EF100F47062 /* HSlider.swift */,
				8E8C068726E5814A00F47062 /* PlatformPicker.swift */,
				8E8C065E26E5797600F47062 /* Assets.xcassets */,
				8E8C066326E5797600F47062 /* Info.plist */,
				8E8C066026E5797600F47062 /* Preview Content */,
			);
			path = TetheredTentTriangulator;
			sourceTree = "<group>";
		};
		8E8C066026E5797600F47062 /* Preview Content */ = {
			isa = PBXGroup;
			children = (
				8E8C066126E5797600F47062 /* Preview Assets.xcassets */,
			);
			path = "Preview Content";
			sourceTree = "<group>";
		};
		8E8C066B26E5797600F47062 /* TetheredTentTriangulatorTests */ = {
			isa = PBXGroup;
			children = (
				8E8C066C26E5797600F47062 /* TetheredTentTriangulatorTests.swift */,
				8E8C066E26E5797600F47062 /* Info.plist */,
			);
			path = TetheredTentTriangulatorTests;
			sourceTree = "<group>";
		};
		8E8C067626E5797600F47062 /* TetheredTentTriangulatorUITests */ = {
			isa = PBXGroup;
			children = (
				8E8C067726E5797600F47062 /* TetheredTentTriangulatorUITests.swift */,
				8E8C067926E5797600F47062 /* Info.plist */,
			);
			path = TetheredTentTriangulatorUITests;
			sourceTree = "<group>";
		};
/* End PBXGroup section */

/* Begin PBXNativeTarget section */
		8E8C065626E5797400F47062 /* TetheredTentTriangulator */ = {
			isa = PBXNativeTarget;
			buildConfigurationList = 8E8C067C26E5797600F47062 /* Build configuration list for PBXNativeTarget "TetheredTentTriangulator" */;
			buildPhases = (
				8E8C065326E5797400F47062 /* Sources */,
				8E8C065426E5797400F47062 /* Frameworks */,
				8E8C065526E5797400F47062 /* Resources */,
			);
			buildRules = (
			);
			dependencies = (
			);
			name = TetheredTentTriangulator;
			productName = TetheredTentTriangulator;
			productReference = 8E8C065726E5797400F47062 /* TetheredTentTriangulator.app */;
			productType = "com.apple.product-type.application";
		};
		8E8C066726E5797600F47062 /* TetheredTentTriangulatorTests */ = {
			isa = PBXNativeTarget;
			buildConfigurationList = 8E8C067F26E5797600F47062 /* Build configuration list for PBXNativeTarget "TetheredTentTriangulatorTests" */;
			buildPhases = (
				8E8C066426E5797600F47062 /* Sources */,
				8E8C066526E5797600F47062 /* Frameworks */,
				8E8C066626E5797600F47062 /* Resources */,
			);
			buildRules = (
			);
			dependencies = (
				8E8C066A26E5797600F47062 /* PBXTargetDependency */,
			);
			name = TetheredTentTriangulatorTests;
			productName = TetheredTentTriangulatorTests;
			productReference = 8E8C066826E5797600F47062 /* TetheredTentTriangulatorTests.xctest */;
			productType = "com.apple.product-type.bundle.unit-test";
		};
		8E8C067226E5797600F47062 /* TetheredTentTriangulatorUITests */ = {
			isa = PBXNativeTarget;
			buildConfigurationList = 8E8C068226E5797600F47062 /* Build configuration list for PBXNativeTarget "TetheredTentTriangulatorUITests" */;
			buildPhases = (
				8E8C066F26E5797600F47062 /* Sources */,
				8E8C067026E5797600F47062 /* Frameworks */,
				8E8C067126E5797600F47062 /* Resources */,
			);
			buildRules = (
			);
			dependencies = (
				8E8C067526E5797600F47062 /* PBXTargetDependency */,
			);
			name = TetheredTentTriangulatorUITests;
			productName = TetheredTentTriangulatorUITests;
			productReference = 8E8C067326E5797600F47062 /* TetheredTentTriangulatorUITests.xctest */;
			productType = "com.apple.product-type.bundle.ui-testing";
		};
/* End PBXNativeTarget section */

/* Begin PBXProject section */
		8E8C064F26E5797400F47062 /* Project object */ = {
			isa = PBXProject;
			attributes = {
				LastSwiftUpdateCheck = 1250;
				LastUpgradeCheck = 1250;
				TargetAttributes = {
					8E8C065626E5797400F47062 = {
						CreatedOnToolsVersion = 12.5.1;
					};
					8E8C066726E5797600F47062 = {
						CreatedOnToolsVersion = 12.5.1;
						TestTargetID = 8E8C065626E5797400F47062;
					};
					8E8C067226E5797600F47062 = {
						CreatedOnToolsVersion = 12.5.1;
						TestTargetID = 8E8C065626E5797400F47062;
					};
				};
			};
			buildConfigurationList = 8E8C065226E5797400F47062 /* Build configuration list for PBXProject "TetheredTentTriangulator" */;
			compatibilityVersion = "Xcode 9.3";
			developmentRegion = en;
			hasScannedForEncodings = 0;
			knownRegions = (
				en,
				Base,
			);
			mainGroup = 8E8C064E26E5797400F47062;
			productRefGroup = 8E8C065826E5797400F47062 /* Products */;
			projectDirPath = "";
			projectRoot = "";
			targets = (
				8E8C065626E5797400F47062 /* TetheredTentTriangulator */,
				8E8C066726E5797600F47062 /* TetheredTentTriangulatorTests */,
				8E8C067226E5797600F47062 /* TetheredTentTriangulatorUITests */,
			);
		};
/* End PBXProject section */

/* Begin PBXResourcesBuildPhase section */
		8E8C065526E5797400F47062 /* Resources */ = {
			isa = PBXResourcesBuildPhase;
			buildActionMask = 2147483647;
			files = (
				8E8C066226E5797600F47062 /* Preview Assets.xcassets in Resources */,
				8E8C065F26E5797600F47062 /* Assets.xcassets in Resources */,
			);
			runOnlyForDeploymentPostprocessing = 0;
		};
		8E8C066626E5797600F47062 /* Resources */ = {
			isa = PBXResourcesBuildPhase;
			buildActionMask = 2147483647;
			files = (
			);
			runOnlyForDeploymentPostprocessing = 0;
		};
		8E8C067126E5797600F47062 /* Resources */ = {
			isa = PBXResourcesBuildPhase;
			buildActionMask = 2147483647;
			files = (
			);
			runOnlyForDeploymentPostprocessing = 0;
		};
/* End PBXResourcesBuildPhase section */

/* Begin PBXSourcesBuildPhase section */
		8E8C065326E5797400F47062 /* Sources */ = {
			isa = PBXSourcesBuildPhase;
			buildActionMask = 2147483647;
			files = (
				8E0C686C26EDAB41003EE614 /* Configuration.swift in Sources */,
				8E0C687426F19AAF003EE614 /* Perimeter.swift in Sources */,
				8E0C686E26EDAB68003EE614 /* Anchors.swift in Sources */,
				8E8C065D26E5797400F47062 /* ContentView.swift in Sources */,
				8E0C687026EDABB6003EE614 /* Coordinate.swift in Sources */,
				8E8C068626E57EF100F47062 /* HSlider.swift in Sources */,
				8E8C068826E5814A00F47062 /* PlatformPicker.swift in Sources */,
				8E8C065B26E5797400F47062 /* TetheredTentTriangulatorApp.swift in Sources */,
				8E8C068A26E65EC200F47062 /* Clearing.swift in Sources */,
				8E0C687226EE9010003EE614 /* AnchorView.swift in Sources */,
			);
			runOnlyForDeploymentPostprocessing = 0;
		};
		8E8C066426E5797600F47062 /* Sources */ = {
			isa = PBXSourcesBuildPhase;
			buildActionMask = 2147483647;
			files = (
				8E8C066D26E5797600F47062 /* TetheredTentTriangulatorTests.swift in Sources */,
			);
			runOnlyForDeploymentPostprocessing = 0;
		};
		8E8C066F26E5797600F47062 /* Sources */ = {
			isa = PBXSourcesBuildPhase;
			buildActionMask = 2147483647;
			files = (
				8E8C067826E5797600F47062 /* TetheredTentTriangulatorUITests.swift in Sources */,
			);
			runOnlyForDeploymentPostprocessing = 0;
		};
/* End PBXSourcesBuildPhase section */

/* Begin PBXTargetDependency section */
		8E8C066A26E5797600F47062 /* PBXTargetDependency */ = {
			isa = PBXTargetDependency;
			target = 8E8C065626E5797400F47062 /* TetheredTentTriangulator */;
			targetProxy = 8E8C066926E5797600F47062 /* PBXContainerItemProxy */;
		};
		8E8C067526E5797600F47062 /* PBXTargetDependency */ = {
			isa = PBXTargetDependency;
			target = 8E8C065626E5797400F47062 /* TetheredTentTriangulator */;
			targetProxy = 8E8C067426E5797600F47062 /* PBXContainerItemProxy */;
		};
/* End PBXTargetDependency section */

/* Begin XCBuildConfiguration section */
		8E8C067A26E5797600F47062 /* Debug */ = {
			isa = XCBuildConfiguration;
			buildSettings = {
				ALWAYS_SEARCH_USER_PATHS = NO;
				CLANG_ANALYZER_NONNULL = YES;
				CLANG_ANALYZER_NUMBER_OBJECT_CONVERSION = YES_AGGRESSIVE;
				CLANG_CXX_LANGUAGE_STANDARD = "gnu++14";
				CLANG_CXX_LIBRARY = "libc++";
				CLANG_ENABLE_MODULES = YES;
				CLANG_ENABLE_OBJC_ARC = YES;
				CLANG_ENABLE_OBJC_WEAK = YES;
				CLANG_WARN_BLOCK_CAPTURE_AUTORELEASING = YES;
				CLANG_WARN_BOOL_CONVERSION = YES;
				CLANG_WARN_COMMA = YES;
				CLANG_WARN_CONSTANT_CONVERSION = YES;
				CLANG_WARN_DEPRECATED_OBJC_IMPLEMENTATIONS = YES;
				CLANG_WARN_DIRECT_OBJC_ISA_USAGE = YES_ERROR;
				CLANG_WARN_DOCUMENTATION_COMMENTS = YES;
				CLANG_WARN_EMPTY_BODY = YES;
				CLANG_WARN_ENUM_CONVERSION = YES;
				CLANG_WARN_INFINITE_RECURSION = YES;
				CLANG_WARN_INT_CONVERSION = YES;
				CLANG_WARN_NON_LITERAL_NULL_CONVERSION = YES;
				CLANG_WARN_OBJC_IMPLICIT_RETAIN_SELF = YES;
				CLANG_WARN_OBJC_LITERAL_CONVERSION = YES;
				CLANG_WARN_OBJC_ROOT_CLASS = YES_ERROR;
				CLANG_WARN_QUOTED_INCLUDE_IN_FRAMEWORK_HEADER = YES;
				CLANG_WARN_RANGE_LOOP_ANALYSIS = YES;
				CLANG_WARN_STRICT_PROTOTYPES = YES;
				CLANG_WARN_SUSPICIOUS_MOVE = YES;
				CLANG_WARN_UNGUARDED_AVAILABILITY = YES_AGGRESSIVE;
				CLANG_WARN_UNREACHABLE_CODE = YES;
				CLANG_WARN__DUPLICATE_METHOD_MATCH = YES;
				COPY_PHASE_STRIP = NO;
				DEBUG_INFORMATION_FORMAT = dwarf;
				ENABLE_STRICT_OBJC_MSGSEND = YES;
				ENABLE_TESTABILITY = YES;
				GCC_C_LANGUAGE_STANDARD = gnu11;
				GCC_DYNAMIC_NO_PIC = NO;
				GCC_NO_COMMON_BLOCKS = YES;
				GCC_OPTIMIZATION_LEVEL = 0;
				GCC_PREPROCESSOR_DEFINITIONS = (
					"DEBUG=1",
					"$(inherited)",
				);
				GCC_WARN_64_TO_32_BIT_CONVERSION = YES;
				GCC_WARN_ABOUT_RETURN_TYPE = YES_ERROR;
				GCC_WARN_UNDECLARED_SELECTOR = YES;
				GCC_WARN_UNINITIALIZED_AUTOS = YES_AGGRESSIVE;
				GCC_WARN_UNUSED_FUNCTION = YES;
				GCC_WARN_UNUSED_VARIABLE = YES;
				IPHONEOS_DEPLOYMENT_TARGET = 14.5;
				MTL_ENABLE_DEBUG_INFO = INCLUDE_SOURCE;
				MTL_FAST_MATH = YES;
				ONLY_ACTIVE_ARCH = YES;
				SDKROOT = iphoneos;
				SWIFT_ACTIVE_COMPILATION_CONDITIONS = DEBUG;
				SWIFT_OPTIMIZATION_LEVEL = "-Onone";
			};
			name = Debug;
		};
		8E8C067B26E5797600F47062 /* Release */ = {
			isa = XCBuildConfiguration;
			buildSettings = {
				ALWAYS_SEARCH_USER_PATHS = NO;
				CLANG_ANALYZER_NONNULL = YES;
				CLANG_ANALYZER_NUMBER_OBJECT_CONVERSION = YES_AGGRESSIVE;
				CLANG_CXX_LANGUAGE_STANDARD = "gnu++14";
				CLANG_CXX_LIBRARY = "libc++";
				CLANG_ENABLE_MODULES = YES;
				CLANG_ENABLE_OBJC_ARC = YES;
				CLANG_ENABLE_OBJC_WEAK = YES;
				CLANG_WARN_BLOCK_CAPTURE_AUTORELEASING = YES;
				CLANG_WARN_BOOL_CONVERSION = YES;
				CLANG_WARN_COMMA = YES;
				CLANG_WARN_CONSTANT_CONVERSION = YES;
				CLANG_WARN_DEPRECATED_OBJC_IMPLEMENTATIONS = YES;
				CLANG_WARN_DIRECT_OBJC_ISA_USAGE = YES_ERROR;
				CLANG_WARN_DOCUMENTATION_COMMENTS = YES;
				CLANG_WARN_EMPTY_BODY = YES;
				CLANG_WARN_ENUM_CONVERSION = YES;
				CLANG_WARN_INFINITE_RECURSION = YES;
				CLANG_WARN_INT_CONVERSION = YES;
				CLANG_WARN_NON_LITERAL_NULL_CONVERSION = YES;
				CLANG_WARN_OBJC_IMPLICIT_RETAIN_SELF = YES;
				CLANG_WARN_OBJC_LITERAL_CONVERSION = YES;
				CLANG_WARN_OBJC_ROOT_CLASS = YES_ERROR;
				CLANG_WARN_QUOTED_INCLUDE_IN_FRAMEWORK_HEADER = YES;
				CLANG_WARN_RANGE_LOOP_ANALYSIS = YES;
				CLANG_WARN_STRICT_PROTOTYPES = YES;
				CLANG_WARN_SUSPICIOUS_MOVE = YES;
				CLANG_WARN_UNGUARDED_AVAILABILITY = YES_AGGRESSIVE;
				CLANG_WARN_UNREACHABLE_CODE = YES;
				CLANG_WARN__DUPLICATE_METHOD_MATCH = YES;
				COPY_PHASE_STRIP = NO;
				DEBUG_INFORMATION_FORMAT = "dwarf-with-dsym";
				ENABLE_NS_ASSERTIONS = NO;
				ENABLE_STRICT_OBJC_MSGSEND = YES;
				GCC_C_LANGUAGE_STANDARD = gnu11;
				GCC_NO_COMMON_BLOCKS = YES;
				GCC_WARN_64_TO_32_BIT_CONVERSION = YES;
				GCC_WARN_ABOUT_RETURN_TYPE = YES_ERROR;
				GCC_WARN_UNDECLARED_SELECTOR = YES;
				GCC_WARN_UNINITIALIZED_AUTOS = YES_AGGRESSIVE;
				GCC_WARN_UNUSED_FUNCTION = YES;
				GCC_WARN_UNUSED_VARIABLE = YES;
				IPHONEOS_DEPLOYMENT_TARGET = 14.5;
				MTL_ENABLE_DEBUG_INFO = NO;
				MTL_FAST_MATH = YES;
				SDKROOT = iphoneos;
				SWIFT_COMPILATION_MODE = wholemodule;
				SWIFT_OPTIMIZATION_LEVEL = "-O";
				VALIDATE_PRODUCT = YES;
			};
			name = Release;
		};
		8E8C067D26E5797600F47062 /* Debug */ = {
			isa = XCBuildConfiguration;
			buildSettings = {
				ASSETCATALOG_COMPILER_APPICON_NAME = AppIcon;
				ASSETCATALOG_COMPILER_GLOBAL_ACCENT_COLOR_NAME = AccentColor;
				CODE_SIGN_STYLE = Automatic;
				DEVELOPMENT_ASSET_PATHS = "\"TetheredTentTriangulator/Preview Content\"";
				ENABLE_PREVIEWS = YES;
				INFOPLIST_FILE = TetheredTentTriangulator/Info.plist;
				IPHONEOS_DEPLOYMENT_TARGET = 14.0;
				LD_RUNPATH_SEARCH_PATHS = (
					"$(inherited)",
					"@executable_path/Frameworks",
				);
				PRODUCT_BUNDLE_IDENTIFIER = com.munifrog.design.TetheredTentTriangulator;
				PRODUCT_NAME = "$(TARGET_NAME)";
				SWIFT_VERSION = 5.0;
				TARGETED_DEVICE_FAMILY = "1,2";
			};
			name = Debug;
		};
		8E8C067E26E5797600F47062 /* Release */ = {
			isa = XCBuildConfiguration;
			buildSettings = {
				ASSETCATALOG_COMPILER_APPICON_NAME = AppIcon;
				ASSETCATALOG_COMPILER_GLOBAL_ACCENT_COLOR_NAME = AccentColor;
				CODE_SIGN_STYLE = Automatic;
				DEVELOPMENT_ASSET_PATHS = "\"TetheredTentTriangulator/Preview Content\"";
				ENABLE_PREVIEWS = YES;
				INFOPLIST_FILE = TetheredTentTriangulator/Info.plist;
				IPHONEOS_DEPLOYMENT_TARGET = 14.0;
				LD_RUNPATH_SEARCH_PATHS = (
					"$(inherited)",
					"@executable_path/Frameworks",
				);
				PRODUCT_BUNDLE_IDENTIFIER = com.munifrog.design.TetheredTentTriangulator;
				PRODUCT_NAME = "$(TARGET_NAME)";
				SWIFT_VERSION = 5.0;
				TARGETED_DEVICE_FAMILY = "1,2";
			};
			name = Release;
		};
		8E8C068026E5797600F47062 /* Debug */ = {
			isa = XCBuildConfiguration;
			buildSettings = {
				ALWAYS_EMBED_SWIFT_STANDARD_LIBRARIES = YES;
				BUNDLE_LOADER = "$(TEST_HOST)";
				CODE_SIGN_STYLE = Automatic;
				INFOPLIST_FILE = TetheredTentTriangulatorTests/Info.plist;
				IPHONEOS_DEPLOYMENT_TARGET = 14.0;
				LD_RUNPATH_SEARCH_PATHS = (
					"$(inherited)",
					"@executable_path/Frameworks",
					"@loader_path/Frameworks",
				);
				PRODUCT_BUNDLE_IDENTIFIER = com.munifrog.design.TetheredTentTriangulatorTests;
				PRODUCT_NAME = "$(TARGET_NAME)";
				SWIFT_VERSION = 5.0;
				TARGETED_DEVICE_FAMILY = "1,2";
				TEST_HOST = "$(BUILT_PRODUCTS_DIR)/TetheredTentTriangulator.app/TetheredTentTriangulator";
			};
			name = Debug;
		};
		8E8C068126E5797600F47062 /* Release */ = {
			isa = XCBuildConfiguration;
			buildSettings = {
				ALWAYS_EMBED_SWIFT_STANDARD_LIBRARIES = YES;
				BUNDLE_LOADER = "$(TEST_HOST)";
				CODE_SIGN_STYLE = Automatic;
				INFOPLIST_FILE = TetheredTentTriangulatorTests/Info.plist;
				IPHONEOS_DEPLOYMENT_TARGET = 14.0;
				LD_RUNPATH_SEARCH_PATHS = (
					"$(inherited)",
					"@executable_path/Frameworks",
					"@loader_path/Frameworks",
				);
				PRODUCT_BUNDLE_IDENTIFIER = com.munifrog.design.TetheredTentTriangulatorTests;
				PRODUCT_NAME = "$(TARGET_NAME)";
				SWIFT_VERSION = 5.0;
				TARGETED_DEVICE_FAMILY = "1,2";
				TEST_HOST = "$(BUILT_PRODUCTS_DIR)/TetheredTentTriangulator.app/TetheredTentTriangulator";
			};
			name = Release;
		};
		8E8C068326E5797600F47062 /* Debug */ = {
			isa = XCBuildConfiguration;
			buildSettings = {
				ALWAYS_EMBED_SWIFT_STANDARD_LIBRARIES = YES;
				CODE_SIGN_STYLE = Automatic;
				INFOPLIST_FILE = TetheredTentTriangulatorUITests/Info.plist;
				LD_RUNPATH_SEARCH_PATHS = (
					"$(inherited)",
					"@executable_path/Frameworks",
					"@loader_path/Frameworks",
				);
				PRODUCT_BUNDLE_IDENTIFIER = com.munifrog.design.TetheredTentTriangulatorUITests;
				PRODUCT_NAME = "$(TARGET_NAME)";
				SWIFT_VERSION = 5.0;
				TARGETED_DEVICE_FAMILY = "1,2";
				TEST_TARGET_NAME = TetheredTentTriangulator;
			};
			name = Debug;
		};
		8E8C068426E5797600F47062 /* Release */ = {
			isa = XCBuildConfiguration;
			buildSettings = {
				ALWAYS_EMBED_SWIFT_STANDARD_LIBRARIES = YES;
				CODE_SIGN_STYLE = Automatic;
				INFOPLIST_FILE = TetheredTentTriangulatorUITests/Info.plist;
				LD_RUNPATH_SEARCH_PATHS = (
					"$(inherited)",
					"@executable_path/Frameworks",
					"@loader_path/Frameworks",
				);
				PRODUCT_BUNDLE_IDENTIFIER = com.munifrog.design.TetheredTentTriangulatorUITests;
				PRODUCT_NAME = "$(TARGET_NAME)";
				SWIFT_VERSION = 5.0;
				TARGETED_DEVICE_FAMILY = "1,2";
				TEST_TARGET_NAME = TetheredTentTriangulator;
			};
			name = Release;
		};
/* End XCBuildConfiguration section */

/* Begin XCConfigurationList section */
		8E8C065226E5797400F47062 /* Build configuration list for PBXProject "TetheredTentTriangulator" */ = {
			isa = XCConfigurationList;
			buildConfigurations = (
				8E8C067A26E5797600F47062 /* Debug */,
				8E8C067B26E5797600F47062 /* Release */,
			);
			defaultConfigurationIsVisible = 0;
			defaultConfigurationName = Release;
		};
		8E8C067C26E5797600F47062 /* Build configuration list for PBXNativeTarget "TetheredTentTriangulator" */ = {
			isa = XCConfigurationList;
			buildConfigurations = (
				8E8C067D26E5797600F47062 /* Debug */,
				8E8C067E26E5797600F47062 /* Release */,
			);
			defaultConfigurationIsVisible = 0;
			defaultConfigurationName = Release;
		};
		8E8C067F26E5797600F47062 /* Build configuration list for PBXNativeTarget "TetheredTentTriangulatorTests" */ = {
			isa = XCConfigurationList;
			buildConfigurations = (
				8E8C068026E5797600F47062 /* Debug */,
				8E8C068126E5797600F47062 /* Release */,
			);
			defaultConfigurationIsVisible = 0;
			defaultConfigurationName = Release;
		};
		8E8C068226E5797600F47062 /* Build configuration list for PBXNativeTarget "TetheredTentTriangulatorUITests" */ = {
			isa = XCConfigurationList;
			buildConfigurations = (
				8E8C068326E5797600F47062 /* Debug */,
				8E8C068426E5797600F47062 /* Release */,
			);
			defaultConfigurationIsVisible = 0;
			defaultConfigurationName = Release;
		};
/* End XCConfigurationList section */
	};
	rootObject = 8E8C064F26E5797400F47062 /* Project object */;
}
